
Microsoft Visual Studio Solution File, Format Version 12.00
# Visual Studio Version 16
VisualStudioVersion = 16.0.32228.343
MinimumVisualStudioVersion = 10.0.40219.1
Project("{FAE04EC0-301F-11D3-BF4B-00C04F79EFBC}") = "TicketTrackingSystem", "TicketTrackingSystem\TicketTrackingSystem.csproj", "{04A2CB3B-772C-4D6C-BBDA-9A807AD19F8D}"
EndProject
Global
	GlobalSection(SolutionConfigurationPlatforms) = preSolution
		Debug|Any CPU = Debug|Any CPU
		Release|Any CPU = Release|Any CPU
	EndGlobalSection
	GlobalSection(ProjectConfigurationPlatforms) = postSolution
		{04A2CB3B-772C-4D6C-BBDA-9A807AD19F8D}.Debug|Any CPU.ActiveCfg = Debug|Any CPU
		{04A2CB3B-772C-4D6C-BBDA-9A807AD19F8D}.Debug|Any CPU.Build.0 = Debug|Any CPU
		{04A2CB3B-772C-4D6C-BBDA-9A807AD19F8D}.Release|Any CPU.ActiveCfg = Release|Any CPU
		{04A2CB3B-772C-4D6C-BBDA-9A807AD19F8D}.Release|Any CPU.Build.0 = Release|Any CPU
	EndGlobalSection
	GlobalSection(SolutionProperties) = preSolution
		HideSolutionNode = FALSE
	EndGlobalSection
	GlobalSection(ExtensibilityGlobals) = postSolution
		SolutionGuid = {31745D2C-727A-4885-B035-07FF43D248AF}
	EndGlobalSection
EndGlobal
